// !$*UTF8*$!
{
	archiveVersion = 1;
	classes = {
	};
	objectVersion = 46;
	objects = {

/* Begin PBXBuildFile section */
		1F326E8E1343879B00E8F129 /* IFHueFilter.m in Sources */ = {isa = PBXBuildFile; fileRef = 1F326E8D1343879B00E8F129 /* IFHueFilter.m */; };
		1F326E91134387DA00E8F129 /* IFColorConversions.c in Sources */ = {isa = PBXBuildFile; fileRef = 1F326E8F134387DA00E8F129 /* IFColorConversions.c */; };
		1F326E9413438FE800E8F129 /* IFBlurFilter.m in Sources */ = {isa = PBXBuildFile; fileRef = 1F326E9313438FE800E8F129 /* IFBlurFilter.m */; };
		1F326E97134397D900E8F129 /* IFFindEdgesFilter.m in Sources */ = {isa = PBXBuildFile; fileRef = 1F326E96134397D800E8F129 /* IFFindEdgesFilter.m */; };
		1F326E9A1343993A00E8F129 /* IFEmbossFilter.m in Sources */ = {isa = PBXBuildFile; fileRef = 1F326E991343993900E8F129 /* IFEmbossFilter.m */; };
		1F326EAC1343A19B00E8F129 /* IFSharpenFilter.m in Sources */ = {isa = PBXBuildFile; fileRef = 1F326EAB1343A19B00E8F129 /* IFSharpenFilter.m */; };
		1F326F651343E42D00E8F129 /* UIImage+Resize.m in Sources */ = {isa = PBXBuildFile; fileRef = 1F326F641343E42D00E8F129 /* UIImage+Resize.m */; };
		1F326F6B1343E44700E8F129 /* UIImage+Alpha.m in Sources */ = {isa = PBXBuildFile; fileRef = 1F326F681343E44700E8F129 /* UIImage+Alpha.m */; };
		1F326F6C1343E44700E8F129 /* UIImage+RoundedCorner.m in Sources */ = {isa = PBXBuildFile; fileRef = 1F326F6A1343E44700E8F129 /* UIImage+RoundedCorner.m */; };
		1F3A025D1342358B000E6259 /* UIKit.framework in Frameworks */ = {isa = PBXBuildFile; fileRef = 1F3A025C1342358B000E6259 /* UIKit.framework */; };
		1F3A025F1342358B000E6259 /* Foundation.framework in Frameworks */ = {isa = PBXBuildFile; fileRef = 1F3A025E1342358B000E6259 /* Foundation.framework */; };
		1F3A02611342358B000E6259 /* CoreGraphics.framework in Frameworks */ = {isa = PBXBuildFile; fileRef = 1F3A02601342358B000E6259 /* CoreGraphics.framework */; };
		1F3A02671342358B000E6259 /* InfoPlist.strings in Resources */ = {isa = PBXBuildFile; fileRef = 1F3A02651342358B000E6259 /* InfoPlist.strings */; };
		1F3A026A1342358B000E6259 /* main.m in Sources */ = {isa = PBXBuildFile; fileRef = 1F3A02691342358B000E6259 /* main.m */; };
		1F3A026D1342358B000E6259 /* ImageFilterKitAppDelegate.m in Sources */ = {isa = PBXBuildFile; fileRef = 1F3A026C1342358B000E6259 /* ImageFilterKitAppDelegate.m */; };
		1F3A02701342358C000E6259 /* MainWindow.xib in Resources */ = {isa = PBXBuildFile; fileRef = 1F3A026E1342358C000E6259 /* MainWindow.xib */; };
		1F3A0283134236BC000E6259 /* IFPhotoSelectionViewController.m in Sources */ = {isa = PBXBuildFile; fileRef = 1F3A0281134236BC000E6259 /* IFPhotoSelectionViewController.m */; };
		1F3A0284134236BC000E6259 /* IFPhotoSelectionViewController.xib in Resources */ = {isa = PBXBuildFile; fileRef = 1F3A0282134236BC000E6259 /* IFPhotoSelectionViewController.xib */; };
		1F3A02901342381D000E6259 /* UIImage+RawData.m in Sources */ = {isa = PBXBuildFile; fileRef = 1F3A028F1342381D000E6259 /* UIImage+RawData.m */; };
		1F3A029513423861000E6259 /* IFFilter.m in Sources */ = {isa = PBXBuildFile; fileRef = 1F3A029413423861000E6259 /* IFFilter.m */; };
		1F71143E134294050007676F /* IFSaturationFilter.m in Sources */ = {isa = PBXBuildFile; fileRef = 1F71143D134294050007676F /* IFSaturationFilter.m */; };
		1F868A5313423FED003B9488 /* IFFilterPreviewViewController.m in Sources */ = {isa = PBXBuildFile; fileRef = 1F868A5113423FED003B9488 /* IFFilterPreviewViewController.m */; };
		1F868A5413423FED003B9488 /* IFFilterPreviewViewController.xib in Resources */ = {isa = PBXBuildFile; fileRef = 1F868A5213423FED003B9488 /* IFFilterPreviewViewController.xib */; };
		1F868A58134247E1003B9488 /* IFSimpleTintFilter.m in Sources */ = {isa = PBXBuildFile; fileRef = 1F868A57134247E0003B9488 /* IFSimpleTintFilter.m */; };
		1F868A6C1342530B003B9488 /* IFPixelationFilter.m in Sources */ = {isa = PBXBuildFile; fileRef = 1F868A6B1342530B003B9488 /* IFPixelationFilter.m */; };
		1F868A7813426086003B9488 /* IFGreyscaleFilter.m in Sources */ = {isa = PBXBuildFile; fileRef = 1F868A7713426086003B9488 /* IFGreyscaleFilter.m */; };
		1F868A7B134263E1003B9488 /* IFBrightnessFilter.m in Sources */ = {isa = PBXBuildFile; fileRef = 1F868A7A134263E1003B9488 /* IFBrightnessFilter.m */; };
		1F99EF1F13427B4F005B2C28 /* IFFilterOperation.m in Sources */ = {isa = PBXBuildFile; fileRef = 1F99EF1E13427B4F005B2C28 /* IFFilterOperation.m */; };
		1FCF963213426D620071A341 /* IFThermalFilter.m in Sources */ = {isa = PBXBuildFile; fileRef = 1FCF963113426D620071A341 /* IFThermalFilter.m */; };
		1FCF9646134275480071A341 /* IFSnowFuzzFilter.m in Sources */ = {isa = PBXBuildFile; fileRef = 1FCF9645134275480071A341 /* IFSnowFuzzFilter.m */; };
		1FE8E042134CC0A700BAC389 /* IFTiltShiftFilter.m in Sources */ = {isa = PBXBuildFile; fileRef = 1FE8E041134CC0A700BAC389 /* IFTiltShiftFilter.m */; };
/* End PBXBuildFile section */

/* Begin PBXFileReference section */
		1F326E8C1343879B00E8F129 /* IFHueFilter.h */ = {isa = PBXFileReference; fileEncoding = 4; lastKnownFileType = sourcecode.c.h; name = IFHueFilter.h; path = Filters/IFHueFilter.h; sourceTree = "<group>"; };
		1F326E8D1343879B00E8F129 /* IFHueFilter.m */ = {isa = PBXFileReference; fileEncoding = 4; lastKnownFileType = sourcecode.c.objc; name = IFHueFilter.m; path = Filters/IFHueFilter.m; sourceTree = "<group>"; };
		1F326E8F134387DA00E8F129 /* IFColorConversions.c */ = {isa = PBXFileReference; fileEncoding = 4; lastKnownFileType = sourcecode.c.c; name = IFColorConversions.c; path = Filters/IFColorConversions.c; sourceTree = "<group>"; };
		1F326E90134387DA00E8F129 /* IFColorConversions.h */ = {isa = PBXFileReference; fileEncoding = 4; lastKnownFileType = sourcecode.c.h; name = IFColorConversions.h; path = Filters/IFColorConversions.h; sourceTree = "<group>"; };
		1F326E9213438FE800E8F129 /* IFBlurFilter.h */ = {isa = PBXFileReference; fileEncoding = 4; lastKnownFileType = sourcecode.c.h; name = IFBlurFilter.h; path = Filters/IFBlurFilter.h; sourceTree = "<group>"; };
		1F326E9313438FE800E8F129 /* IFBlurFilter.m */ = {isa = PBXFileReference; fileEncoding = 4; lastKnownFileType = sourcecode.c.objc; name = IFBlurFilter.m; path = Filters/IFBlurFilter.m; sourceTree = "<group>"; };
		1F326E95134397D800E8F129 /* IFFindEdgesFilter.h */ = {isa = PBXFileReference; fileEncoding = 4; lastKnownFileType = sourcecode.c.h; name = IFFindEdgesFilter.h; path = Filters/IFFindEdgesFilter.h; sourceTree = "<group>"; };
		1F326E96134397D800E8F129 /* IFFindEdgesFilter.m */ = {isa = PBXFileReference; fileEncoding = 4; lastKnownFileType = sourcecode.c.objc; name = IFFindEdgesFilter.m; path = Filters/IFFindEdgesFilter.m; sourceTree = "<group>"; };
		1F326E981343993900E8F129 /* IFEmbossFilter.h */ = {isa = PBXFileReference; fileEncoding = 4; lastKnownFileType = sourcecode.c.h; name = IFEmbossFilter.h; path = Filters/IFEmbossFilter.h; sourceTree = "<group>"; };
		1F326E991343993900E8F129 /* IFEmbossFilter.m */ = {isa = PBXFileReference; fileEncoding = 4; lastKnownFileType = sourcecode.c.objc; name = IFEmbossFilter.m; path = Filters/IFEmbossFilter.m; sourceTree = "<group>"; };
		1F326EAA1343A19B00E8F129 /* IFSharpenFilter.h */ = {isa = PBXFileReference; fileEncoding = 4; lastKnownFileType = sourcecode.c.h; name = IFSharpenFilter.h; path = Filters/IFSharpenFilter.h; sourceTree = "<group>"; };
		1F326EAB1343A19B00E8F129 /* IFSharpenFilter.m */ = {isa = PBXFileReference; fileEncoding = 4; lastKnownFileType = sourcecode.c.objc; name = IFSharpenFilter.m; path = Filters/IFSharpenFilter.m; sourceTree = "<group>"; };
		1F326F631343E42D00E8F129 /* UIImage+Resize.h */ = {isa = PBXFileReference; fileEncoding = 4; lastKnownFileType = sourcecode.c.h; path = "UIImage+Resize.h"; sourceTree = "<group>"; };
		1F326F641343E42D00E8F129 /* UIImage+Resize.m */ = {isa = PBXFileReference; fileEncoding = 4; lastKnownFileType = sourcecode.c.objc; path = "UIImage+Resize.m"; sourceTree = "<group>"; };
		1F326F671343E44700E8F129 /* UIImage+Alpha.h */ = {isa = PBXFileReference; fileEncoding = 4; lastKnownFileType = sourcecode.c.h; path = "UIImage+Alpha.h"; sourceTree = "<group>"; };
		1F326F681343E44700E8F129 /* UIImage+Alpha.m */ = {isa = PBXFileReference; fileEncoding = 4; lastKnownFileType = sourcecode.c.objc; path = "UIImage+Alpha.m"; sourceTree = "<group>"; };
		1F326F691343E44700E8F129 /* UIImage+RoundedCorner.h */ = {isa = PBXFileReference; fileEncoding = 4; lastKnownFileType = sourcecode.c.h; path = "UIImage+RoundedCorner.h"; sourceTree = "<group>"; };
		1F326F6A1343E44700E8F129 /* UIImage+RoundedCorner.m */ = {isa = PBXFileReference; fileEncoding = 4; lastKnownFileType = sourcecode.c.objc; path = "UIImage+RoundedCorner.m"; sourceTree = "<group>"; };
		1F3A02581342358B000E6259 /* ImageFilterKit.app */ = {isa = PBXFileReference; explicitFileType = wrapper.application; includeInIndex = 0; path = ImageFilterKit.app; sourceTree = BUILT_PRODUCTS_DIR; };
		1F3A025C1342358B000E6259 /* UIKit.framework */ = {isa = PBXFileReference; lastKnownFileType = wrapper.framework; name = UIKit.framework; path = System/Library/Frameworks/UIKit.framework; sourceTree = SDKROOT; };
		1F3A025E1342358B000E6259 /* Foundation.framework */ = {isa = PBXFileReference; lastKnownFileType = wrapper.framework; name = Foundation.framework; path = System/Library/Frameworks/Foundation.framework; sourceTree = SDKROOT; };
		1F3A02601342358B000E6259 /* CoreGraphics.framework */ = {isa = PBXFileReference; lastKnownFileType = wrapper.framework; name = CoreGraphics.framework; path = System/Library/Frameworks/CoreGraphics.framework; sourceTree = SDKROOT; };
		1F3A02641342358B000E6259 /* ImageFilterKit-Info.plist */ = {isa = PBXFileReference; lastKnownFileType = text.plist.xml; path = "ImageFilterKit-Info.plist"; sourceTree = "<group>"; };
		1F3A02661342358B000E6259 /* en */ = {isa = PBXFileReference; lastKnownFileType = text.plist.strings; name = en; path = en.lproj/InfoPlist.strings; sourceTree = "<group>"; };
		1F3A02681342358B000E6259 /* ImageFilterKit-Prefix.pch */ = {isa = PBXFileReference; lastKnownFileType = sourcecode.c.h; path = "ImageFilterKit-Prefix.pch"; sourceTree = "<group>"; };
		1F3A02691342358B000E6259 /* main.m */ = {isa = PBXFileReference; lastKnownFileType = sourcecode.c.objc; path = main.m; sourceTree = "<group>"; };
		1F3A026B1342358B000E6259 /* ImageFilterKitAppDelegate.h */ = {isa = PBXFileReference; lastKnownFileType = sourcecode.c.h; path = ImageFilterKitAppDelegate.h; sourceTree = "<group>"; };
		1F3A026C1342358B000E6259 /* ImageFilterKitAppDelegate.m */ = {isa = PBXFileReference; lastKnownFileType = sourcecode.c.objc; path = ImageFilterKitAppDelegate.m; sourceTree = "<group>"; };
		1F3A026F1342358C000E6259 /* en */ = {isa = PBXFileReference; lastKnownFileType = file.xib; name = en; path = en.lproj/MainWindow.xib; sourceTree = "<group>"; };
		1F3A0280134236BC000E6259 /* IFPhotoSelectionViewController.h */ = {isa = PBXFileReference; fileEncoding = 4; lastKnownFileType = sourcecode.c.h; name = IFPhotoSelectionViewController.h; path = View/IFPhotoSelectionViewController.h; sourceTree = "<group>"; };
		1F3A0281134236BC000E6259 /* IFPhotoSelectionViewController.m */ = {isa = PBXFileReference; fileEncoding = 4; lastKnownFileType = sourcecode.c.objc; name = IFPhotoSelectionViewController.m; path = View/IFPhotoSelectionViewController.m; sourceTree = "<group>"; };
		1F3A0282134236BC000E6259 /* IFPhotoSelectionViewController.xib */ = {isa = PBXFileReference; fileEncoding = 4; lastKnownFileType = file.xib; name = IFPhotoSelectionViewController.xib; path = View/IFPhotoSelectionViewController.xib; sourceTree = "<group>"; };
		1F3A028E1342381D000E6259 /* UIImage+RawData.h */ = {isa = PBXFileReference; fileEncoding = 4; lastKnownFileType = sourcecode.c.h; path = "UIImage+RawData.h"; sourceTree = "<group>"; };
		1F3A028F1342381D000E6259 /* UIImage+RawData.m */ = {isa = PBXFileReference; fileEncoding = 4; lastKnownFileType = sourcecode.c.objc; path = "UIImage+RawData.m"; sourceTree = "<group>"; };
		1F3A029313423861000E6259 /* IFFilter.h */ = {isa = PBXFileReference; fileEncoding = 4; lastKnownFileType = sourcecode.c.h; name = IFFilter.h; path = Filters/IFFilter.h; sourceTree = "<group>"; };
		1F3A029413423861000E6259 /* IFFilter.m */ = {isa = PBXFileReference; fileEncoding = 4; lastKnownFileType = sourcecode.c.objc; name = IFFilter.m; path = Filters/IFFilter.m; sourceTree = "<group>"; };
		1F71143C134294050007676F /* IFSaturationFilter.h */ = {isa = PBXFileReference; fileEncoding = 4; lastKnownFileType = sourcecode.c.h; name = IFSaturationFilter.h; path = Filters/IFSaturationFilter.h; sourceTree = "<group>"; };
		1F71143D134294050007676F /* IFSaturationFilter.m */ = {isa = PBXFileReference; fileEncoding = 4; lastKnownFileType = sourcecode.c.objc; name = IFSaturationFilter.m; path = Filters/IFSaturationFilter.m; sourceTree = "<group>"; };
		1F868A5013423FED003B9488 /* IFFilterPreviewViewController.h */ = {isa = PBXFileReference; fileEncoding = 4; lastKnownFileType = sourcecode.c.h; name = IFFilterPreviewViewController.h; path = View/IFFilterPreviewViewController.h; sourceTree = "<group>"; };
		1F868A5113423FED003B9488 /* IFFilterPreviewViewController.m */ = {isa = PBXFileReference; fileEncoding = 4; lastKnownFileType = sourcecode.c.objc; name = IFFilterPreviewViewController.m; path = View/IFFilterPreviewViewController.m; sourceTree = "<group>"; };
		1F868A5213423FED003B9488 /* IFFilterPreviewViewController.xib */ = {isa = PBXFileReference; fileEncoding = 4; lastKnownFileType = file.xib; name = IFFilterPreviewViewController.xib; path = View/IFFilterPreviewViewController.xib; sourceTree = "<group>"; };
		1F868A56134247E0003B9488 /* IFSimpleTintFilter.h */ = {isa = PBXFileReference; fileEncoding = 4; lastKnownFileType = sourcecode.c.h; name = IFSimpleTintFilter.h; path = Filters/IFSimpleTintFilter.h; sourceTree = "<group>"; };
		1F868A57134247E0003B9488 /* IFSimpleTintFilter.m */ = {isa = PBXFileReference; fileEncoding = 4; lastKnownFileType = sourcecode.c.objc; name = IFSimpleTintFilter.m; path = Filters/IFSimpleTintFilter.m; sourceTree = "<group>"; };
		1F868A6A1342530A003B9488 /* IFPixelationFilter.h */ = {isa = PBXFileReference; fileEncoding = 4; lastKnownFileType = sourcecode.c.h; name = IFPixelationFilter.h; path = Filters/IFPixelationFilter.h; sourceTree = "<group>"; };
		1F868A6B1342530B003B9488 /* IFPixelationFilter.m */ = {isa = PBXFileReference; fileEncoding = 4; lastKnownFileType = sourcecode.c.objc; name = IFPixelationFilter.m; path = Filters/IFPixelationFilter.m; sourceTree = "<group>"; };
		1F868A7613426086003B9488 /* IFGreyscaleFilter.h */ = {isa = PBXFileReference; fileEncoding = 4; lastKnownFileType = sourcecode.c.h; name = IFGreyscaleFilter.h; path = Filters/IFGreyscaleFilter.h; sourceTree = "<group>"; };
		1F868A7713426086003B9488 /* IFGreyscaleFilter.m */ = {isa = PBXFileReference; fileEncoding = 4; lastKnownFileType = sourcecode.c.objc; name = IFGreyscaleFilter.m; path = Filters/IFGreyscaleFilter.m; sourceTree = "<group>"; };
		1F868A79134263E1003B9488 /* IFBrightnessFilter.h */ = {isa = PBXFileReference; fileEncoding = 4; lastKnownFileType = sourcecode.c.h; name = IFBrightnessFilter.h; path = Filters/IFBrightnessFilter.h; sourceTree = "<group>"; };
		1F868A7A134263E1003B9488 /* IFBrightnessFilter.m */ = {isa = PBXFileReference; fileEncoding = 4; lastKnownFileType = sourcecode.c.objc; name = IFBrightnessFilter.m; path = Filters/IFBrightnessFilter.m; sourceTree = "<group>"; };
		1F99EF1D13427B4F005B2C28 /* IFFilterOperation.h */ = {isa = PBXFileReference; fileEncoding = 4; lastKnownFileType = sourcecode.c.h; name = IFFilterOperation.h; path = Filters/IFFilterOperation.h; sourceTree = "<group>"; };
		1F99EF1E13427B4F005B2C28 /* IFFilterOperation.m */ = {isa = PBXFileReference; fileEncoding = 4; lastKnownFileType = sourcecode.c.objc; name = IFFilterOperation.m; path = Filters/IFFilterOperation.m; sourceTree = "<group>"; };
		1FCF963013426D620071A341 /* IFThermalFilter.h */ = {isa = PBXFileReference; fileEncoding = 4; lastKnownFileType = sourcecode.c.h; name = IFThermalFilter.h; path = Filters/IFThermalFilter.h; sourceTree = "<group>"; };
		1FCF963113426D620071A341 /* IFThermalFilter.m */ = {isa = PBXFileReference; fileEncoding = 4; lastKnownFileType = sourcecode.c.objc; name = IFThermalFilter.m; path = Filters/IFThermalFilter.m; sourceTree = "<group>"; };
		1FCF9644134275480071A341 /* IFSnowFuzzFilter.h */ = {isa = PBXFileReference; fileEncoding = 4; lastKnownFileType = sourcecode.c.h; name = IFSnowFuzzFilter.h; path = Filters/IFSnowFuzzFilter.h; sourceTree = "<group>"; };
		1FCF9645134275480071A341 /* IFSnowFuzzFilter.m */ = {isa = PBXFileReference; fileEncoding = 4; lastKnownFileType = sourcecode.c.objc; name = IFSnowFuzzFilter.m; path = Filters/IFSnowFuzzFilter.m; sourceTree = "<group>"; };
		1FE8E040134CC0A700BAC389 /* IFTiltShiftFilter.h */ = {isa = PBXFileReference; fileEncoding = 4; lastKnownFileType = sourcecode.c.h; name = IFTiltShiftFilter.h; path = Filters/IFTiltShiftFilter.h; sourceTree = "<group>"; };
		1FE8E041134CC0A700BAC389 /* IFTiltShiftFilter.m */ = {isa = PBXFileReference; fileEncoding = 4; lastKnownFileType = sourcecode.c.objc; name = IFTiltShiftFilter.m; path = Filters/IFTiltShiftFilter.m; sourceTree = "<group>"; };
/* End PBXFileReference section */

/* Begin PBXFrameworksBuildPhase section */
		1F3A02551342358B000E6259 /* Frameworks */ = {
			isa = PBXFrameworksBuildPhase;
			buildActionMask = 2147483647;
			files = (
				1F3A025D1342358B000E6259 /* UIKit.framework in Frameworks */,
				1F3A025F1342358B000E6259 /* Foundation.framework in Frameworks */,
				1F3A02611342358B000E6259 /* CoreGraphics.framework in Frameworks */,
			);
			runOnlyForDeploymentPostprocessing = 0;
		};
/* End PBXFrameworksBuildPhase section */

/* Begin PBXGroup section */
		1F3A024D1342358B000E6259 = {
			isa = PBXGroup;
			children = (
				1F3A02621342358B000E6259 /* ImageFilterKit */,
				1F3A025B1342358B000E6259 /* Frameworks */,
				1F3A02591342358B000E6259 /* Products */,
			);
			sourceTree = "<group>";
		};
		1F3A02591342358B000E6259 /* Products */ = {
			isa = PBXGroup;
			children = (
				1F3A02581342358B000E6259 /* ImageFilterKit.app */,
			);
			name = Products;
			sourceTree = "<group>";
		};
		1F3A025B1342358B000E6259 /* Frameworks */ = {
			isa = PBXGroup;
			children = (
				1F3A025C1342358B000E6259 /* UIKit.framework */,
				1F3A025E1342358B000E6259 /* Foundation.framework */,
				1F3A02601342358B000E6259 /* CoreGraphics.framework */,
			);
			name = Frameworks;
			sourceTree = "<group>";
		};
		1F3A02621342358B000E6259 /* ImageFilterKit */ = {
			isa = PBXGroup;
			children = (
				1F3A029213423826000E6259 /* Filters */,
				1F3A028D1342381D000E6259 /* External */,
				1F3A027C134235E6000E6259 /* View */,
				1F3A026B1342358B000E6259 /* ImageFilterKitAppDelegate.h */,
				1F3A026C1342358B000E6259 /* ImageFilterKitAppDelegate.m */,
				1F3A02631342358B000E6259 /* Supporting Files */,
			);
			path = ImageFilterKit;
			sourceTree = "<group>";
		};
		1F3A02631342358B000E6259 /* Supporting Files */ = {
			isa = PBXGroup;
			children = (
				1F3A026E1342358C000E6259 /* MainWindow.xib */,
				1F3A02641342358B000E6259 /* ImageFilterKit-Info.plist */,
				1F3A02651342358B000E6259 /* InfoPlist.strings */,
				1F3A02681342358B000E6259 /* ImageFilterKit-Prefix.pch */,
				1F3A02691342358B000E6259 /* main.m */,
			);
			name = "Supporting Files";
			sourceTree = "<group>";
		};
		1F3A027C134235E6000E6259 /* View */ = {
			isa = PBXGroup;
			children = (
				1F3A0280134236BC000E6259 /* IFPhotoSelectionViewController.h */,
				1F3A0281134236BC000E6259 /* IFPhotoSelectionViewController.m */,
				1F3A0282134236BC000E6259 /* IFPhotoSelectionViewController.xib */,
				1F868A5013423FED003B9488 /* IFFilterPreviewViewController.h */,
				1F868A5113423FED003B9488 /* IFFilterPreviewViewController.m */,
				1F868A5213423FED003B9488 /* IFFilterPreviewViewController.xib */,
			);
			name = View;
			sourceTree = "<group>";
		};
		1F3A028D1342381D000E6259 /* External */ = {
			isa = PBXGroup;
			children = (
				1F3A028E1342381D000E6259 /* UIImage+RawData.h */,
				1F3A028F1342381D000E6259 /* UIImage+RawData.m */,
				1F326F631343E42D00E8F129 /* UIImage+Resize.h */,
				1F326F641343E42D00E8F129 /* UIImage+Resize.m */,
				1F326F671343E44700E8F129 /* UIImage+Alpha.h */,
				1F326F681343E44700E8F129 /* UIImage+Alpha.m */,
				1F326F691343E44700E8F129 /* UIImage+RoundedCorner.h */,
				1F326F6A1343E44700E8F129 /* UIImage+RoundedCorner.m */,
			);
			path = External;
			sourceTree = "<group>";
		};
		1F3A029213423826000E6259 /* Filters */ = {
			isa = PBXGroup;
			children = (
				1F3A029313423861000E6259 /* IFFilter.h */,
				1F3A029413423861000E6259 /* IFFilter.m */,
				1F99EF1D13427B4F005B2C28 /* IFFilterOperation.h */,
				1F99EF1E13427B4F005B2C28 /* IFFilterOperation.m */,
				1F868A56134247E0003B9488 /* IFSimpleTintFilter.h */,
				1F868A57134247E0003B9488 /* IFSimpleTintFilter.m */,
				1F868A7613426086003B9488 /* IFGreyscaleFilter.h */,
				1F868A7713426086003B9488 /* IFGreyscaleFilter.m */,
				1F868A6A1342530A003B9488 /* IFPixelationFilter.h */,
				1F868A6B1342530B003B9488 /* IFPixelationFilter.m */,
				1F868A79134263E1003B9488 /* IFBrightnessFilter.h */,
				1F868A7A134263E1003B9488 /* IFBrightnessFilter.m */,
				1F71143C134294050007676F /* IFSaturationFilter.h */,
				1F71143D134294050007676F /* IFSaturationFilter.m */,
				1F326E8C1343879B00E8F129 /* IFHueFilter.h */,
				1F326E8D1343879B00E8F129 /* IFHueFilter.m */,
				1FCF963013426D620071A341 /* IFThermalFilter.h */,
				1FCF963113426D620071A341 /* IFThermalFilter.m */,
				1FCF9644134275480071A341 /* IFSnowFuzzFilter.h */,
				1FCF9645134275480071A341 /* IFSnowFuzzFilter.m */,
				1F326E9213438FE800E8F129 /* IFBlurFilter.h */,
				1F326E9313438FE800E8F129 /* IFBlurFilter.m */,
				1F326E95134397D800E8F129 /* IFFindEdgesFilter.h */,
				1F326E96134397D800E8F129 /* IFFindEdgesFilter.m */,
				1F326E981343993900E8F129 /* IFEmbossFilter.h */,
				1F326E991343993900E8F129 /* IFEmbossFilter.m */,
				1F326EAA1343A19B00E8F129 /* IFSharpenFilter.h */,
				1F326EAB1343A19B00E8F129 /* IFSharpenFilter.m */,
				1FE8E040134CC0A700BAC389 /* IFTiltShiftFilter.h */,
				1FE8E041134CC0A700BAC389 /* IFTiltShiftFilter.m */,
				1F326E90134387DA00E8F129 /* IFColorConversions.h */,
				1F326E8F134387DA00E8F129 /* IFColorConversions.c */,
			);
			name = Filters;
			sourceTree = "<group>";
		};
/* End PBXGroup section */

/* Begin PBXNativeTarget section */
		1F3A02571342358B000E6259 /* ImageFilterKit */ = {
			isa = PBXNativeTarget;
			buildConfigurationList = 1F3A02791342358C000E6259 /* Build configuration list for PBXNativeTarget "ImageFilterKit" */;
			buildPhases = (
				1F3A02541342358B000E6259 /* Sources */,
				1F3A02551342358B000E6259 /* Frameworks */,
				1F3A02561342358B000E6259 /* Resources */,
			);
			buildRules = (
			);
			dependencies = (
			);
			name = ImageFilterKit;
			productName = ImageFilterKit;
			productReference = 1F3A02581342358B000E6259 /* ImageFilterKit.app */;
			productType = "com.apple.product-type.application";
		};
/* End PBXNativeTarget section */

/* Begin PBXProject section */
		1F3A024F1342358B000E6259 /* Project object */ = {
			isa = PBXProject;
			attributes = {
				ORGANIZATIONNAME = "Resource Interactive";
			};
			buildConfigurationList = 1F3A02521342358B000E6259 /* Build configuration list for PBXProject "ImageFilterKit" */;
			compatibilityVersion = "Xcode 3.2";
			developmentRegion = English;
			hasScannedForEncodings = 0;
			knownRegions = (
				en,
			);
			mainGroup = 1F3A024D1342358B000E6259;
			productRefGroup = 1F3A02591342358B000E6259 /* Products */;
			projectDirPath = "";
			projectRoot = "";
			targets = (
				1F3A02571342358B000E6259 /* ImageFilterKit */,
			);
		};
/* End PBXProject section */

/* Begin PBXResourcesBuildPhase section */
		1F3A02561342358B000E6259 /* Resources */ = {
			isa = PBXResourcesBuildPhase;
			buildActionMask = 2147483647;
			files = (
				1F3A02671342358B000E6259 /* InfoPlist.strings in Resources */,
				1F3A02701342358C000E6259 /* MainWindow.xib in Resources */,
				1F3A0284134236BC000E6259 /* IFPhotoSelectionViewController.xib in Resources */,
				1F868A5413423FED003B9488 /* IFFilterPreviewViewController.xib in Resources */,
			);
			runOnlyForDeploymentPostprocessing = 0;
		};
/* End PBXResourcesBuildPhase section */

/* Begin PBXSourcesBuildPhase section */
		1F3A02541342358B000E6259 /* Sources */ = {
			isa = PBXSourcesBuildPhase;
			buildActionMask = 2147483647;
			files = (
				1F3A026A1342358B000E6259 /* main.m in Sources */,
				1F3A026D1342358B000E6259 /* ImageFilterKitAppDelegate.m in Sources */,
				1F3A0283134236BC000E6259 /* IFPhotoSelectionViewController.m in Sources */,
				1F3A02901342381D000E6259 /* UIImage+RawData.m in Sources */,
				1F3A029513423861000E6259 /* IFFilter.m in Sources */,
				1F868A5313423FED003B9488 /* IFFilterPreviewViewController.m in Sources */,
				1F868A58134247E1003B9488 /* IFSimpleTintFilter.m in Sources */,
				1F868A6C1342530B003B9488 /* IFPixelationFilter.m in Sources */,
				1F868A7813426086003B9488 /* IFGreyscaleFilter.m in Sources */,
				1F868A7B134263E1003B9488 /* IFBrightnessFilter.m in Sources */,
				1FCF963213426D620071A341 /* IFThermalFilter.m in Sources */,
				1FCF9646134275480071A341 /* IFSnowFuzzFilter.m in Sources */,
				1F99EF1F13427B4F005B2C28 /* IFFilterOperation.m in Sources */,
				1F71143E134294050007676F /* IFSaturationFilter.m in Sources */,
				1F326E8E1343879B00E8F129 /* IFHueFilter.m in Sources */,
				1F326E91134387DA00E8F129 /* IFColorConversions.c in Sources */,
				1F326E9413438FE800E8F129 /* IFBlurFilter.m in Sources */,
				1F326E97134397D900E8F129 /* IFFindEdgesFilter.m in Sources */,
				1F326E9A1343993A00E8F129 /* IFEmbossFilter.m in Sources */,
				1F326EAC1343A19B00E8F129 /* IFSharpenFilter.m in Sources */,
				1F326F651343E42D00E8F129 /* UIImage+Resize.m in Sources */,
				1F326F6B1343E44700E8F129 /* UIImage+Alpha.m in Sources */,
				1F326F6C1343E44700E8F129 /* UIImage+RoundedCorner.m in Sources */,
				1FE8E042134CC0A700BAC389 /* IFTiltShiftFilter.m in Sources */,
			);
			runOnlyForDeploymentPostprocessing = 0;
		};
/* End PBXSourcesBuildPhase section */

/* Begin PBXVariantGroup section */
		1F3A02651342358B000E6259 /* InfoPlist.strings */ = {
			isa = PBXVariantGroup;
			children = (
				1F3A02661342358B000E6259 /* en */,
			);
			name = InfoPlist.strings;
			sourceTree = "<group>";
		};
		1F3A026E1342358C000E6259 /* MainWindow.xib */ = {
			isa = PBXVariantGroup;
			children = (
				1F3A026F1342358C000E6259 /* en */,
			);
			name = MainWindow.xib;
			sourceTree = "<group>";
		};
/* End PBXVariantGroup section */

/* Begin XCBuildConfiguration section */
		1F3A02771342358C000E6259 /* Debug */ = {
			isa = XCBuildConfiguration;
			buildSettings = {
				ARCHS = "$(ARCHS_STANDARD_32_BIT)";
				"CODE_SIGN_IDENTITY[sdk=iphoneos*]" = "iPhone Developer";
				GCC_C_LANGUAGE_STANDARD = gnu99;
				GCC_OPTIMIZATION_LEVEL = 0;
				GCC_PREPROCESSOR_DEFINITIONS = DEBUG;
				GCC_SYMBOLS_PRIVATE_EXTERN = NO;
				GCC_VERSION = com.apple.compilers.llvmgcc42;
				GCC_WARN_ABOUT_RETURN_TYPE = YES;
				GCC_WARN_UNUSED_VARIABLE = YES;
				IPHONEOS_DEPLOYMENT_TARGET = 4.3;
				SDKROOT = iphoneos;
			};
			name = Debug;
		};
		1F3A02781342358C000E6259 /* Release */ = {
			isa = XCBuildConfiguration;
			buildSettings = {
				ARCHS = "$(ARCHS_STANDARD_32_BIT)";
				"CODE_SIGN_IDENTITY[sdk=iphoneos*]" = "iPhone Developer";
				GCC_C_LANGUAGE_STANDARD = gnu99;
				GCC_VERSION = com.apple.compilers.llvmgcc42;
				GCC_WARN_ABOUT_RETURN_TYPE = YES;
				GCC_WARN_UNUSED_VARIABLE = YES;
				IPHONEOS_DEPLOYMENT_TARGET = 4.3;
				OTHER_CFLAGS = "-DNS_BLOCK_ASSERTIONS=1";
				SDKROOT = iphoneos;
			};
			name = Release;
		};
		1F3A027A1342358C000E6259 /* Debug */ = {
			isa = XCBuildConfiguration;
			buildSettings = {
				ALWAYS_SEARCH_USER_PATHS = NO;
				COPY_PHASE_STRIP = NO;
				GCC_DYNAMIC_NO_PIC = NO;
				GCC_PRECOMPILE_PREFIX_HEADER = YES;
				GCC_PREFIX_HEADER = "ImageFilterKit/ImageFilterKit-Prefix.pch";
				GCC_VERSION = com.apple.compilers.llvm.clang.1_0;
				INFOPLIST_FILE = "ImageFilterKit/ImageFilterKit-Info.plist";
				PRODUCT_NAME = "$(TARGET_NAME)";
				WRAPPER_EXTENSION = app;
			};
			name = Debug;
		};
		1F3A027B1342358C000E6259 /* Release */ = {
			isa = XCBuildConfiguration;
			buildSettings = {
				ALWAYS_SEARCH_USER_PATHS = NO;
				COPY_PHASE_STRIP = YES;
				GCC_PRECOMPILE_PREFIX_HEADER = YES;
				GCC_PREFIX_HEADER = "ImageFilterKit/ImageFilterKit-Prefix.pch";
				GCC_VERSION = com.apple.compilers.llvm.clang.1_0;
				INFOPLIST_FILE = "ImageFilterKit/ImageFilterKit-Info.plist";
				PRODUCT_NAME = "$(TARGET_NAME)";
				VALIDATE_PRODUCT = YES;
				WRAPPER_EXTENSION = app;
			};
			name = Release;
		};
/* End XCBuildConfiguration section */

/* Begin XCConfigurationList section */
		1F3A02521342358B000E6259 /* Build configuration list for PBXProject "ImageFilterKit" */ = {
			isa = XCConfigurationList;
			buildConfigurations = (
				1F3A02771342358C000E6259 /* Debug */,
				1F3A02781342358C000E6259 /* Release */,
			);
			defaultConfigurationIsVisible = 0;
			defaultConfigurationName = Release;
		};
		1F3A02791342358C000E6259 /* Build configuration list for PBXNativeTarget "ImageFilterKit" */ = {
			isa = XCConfigurationList;
			buildConfigurations = (
				1F3A027A1342358C000E6259 /* Debug */,
				1F3A027B1342358C000E6259 /* Release */,
			);
			defaultConfigurationIsVisible = 0;
			defaultConfigurationName = Release;
		};
/* End XCConfigurationList section */
	};
	rootObject = 1F3A024F1342358B000E6259 /* Project object */;
}
